
Microsoft Visual Studio Solution File, Format Version 12.00
# Visual Studio 14
VisualStudioVersion = 14.0.25420.1
MinimumVisualStudioVersion = 10.0.40219.1
Project("{FAE04EC0-301F-11D3-BF4B-00C04F79EFBC}") = "PULSE Web", "PULSE Web\PULSE Web.csproj", "{E4BDF95F-B52A-4BFE-A6EF-B17E4B7EA756}"
EndProject
Project("{FAE04EC0-301F-11D3-BF4B-00C04F79EFBC}") = "AuthenticationLib", "..\..\Libraries\AuthenticationLib\AuthenticationLib\AuthenticationLib.csproj", "{BDF20DDB-1E8F-40DD-838C-734079C16E1D}"
EndProject
Global
	GlobalSection(SolutionConfigurationPlatforms) = preSolution
		Debug|Any CPU = Debug|Any CPU
		Release|Any CPU = Release|Any CPU
	EndGlobalSection
	GlobalSection(ProjectConfigurationPlatforms) = postSolution
		{E4BDF95F-B52A-4BFE-A6EF-B17E4B7EA756}.Debug|Any CPU.ActiveCfg = Debug|Any CPU
		{E4BDF95F-B52A-4BFE-A6EF-B17E4B7EA756}.Debug|Any CPU.Build.0 = Debug|Any CPU
		{E4BDF95F-B52A-4BFE-A6EF-B17E4B7EA756}.Release|Any CPU.ActiveCfg = Release|Any CPU
		{E4BDF95F-B52A-4BFE-A6EF-B17E4B7EA756}.Release|Any CPU.Build.0 = Release|Any CPU
		{BDF20DDB-1E8F-40DD-838C-734079C16E1D}.Debug|Any CPU.ActiveCfg = Debug|Any CPU
		{BDF20DDB-1E8F-40DD-838C-734079C16E1D}.Debug|Any CPU.Build.0 = Debug|Any CPU
		{BDF20DDB-1E8F-40DD-838C-734079C16E1D}.Release|Any CPU.ActiveCfg = Release|Any CPU
		{BDF20DDB-1E8F-40DD-838C-734079C16E1D}.Release|Any CPU.Build.0 = Release|Any CPU
	EndGlobalSection
	GlobalSection(SolutionProperties) = preSolution
		HideSolutionNode = FALSE
	EndGlobalSection
EndGlobal
